
Microsoft Visual Studio Solution File, Format Version 12.00
# Visual Studio 14
VisualStudioVersion = 14.0.25123.0
MinimumVisualStudioVersion = 10.0.40219.1
Project("{FAE04EC0-301F-11D3-BF4B-00C04F79EFBC}") = "PrimitiveExtensions", "PrimitiveExtensions\PrimitiveExtensions.csproj", "{D9A3DE9C-726B-4D7E-BE3F-FE95FA8733A1}"
EndProject
Project("{FAE04EC0-301F-11D3-BF4B-00C04F79EFBC}") = "CollectionExtensions", "CollectionExtensions\CollectionExtensions.csproj", "{D73F5B72-8622-46A5-9C58-AFD587E2C098}"
EndProject
Project("{FAE04EC0-301F-11D3-BF4B-00C04F79EFBC}") = "PrincipalExtensions", "PrincipalExtensions\PrincipalExtensions.csproj", "{C3DE7CB4-1BEB-4830-B1AE-B5FCD34499F6}"
EndProject
Global
	GlobalSection(SolutionConfigurationPlatforms) = preSolution
		Debug|Any CPU = Debug|Any CPU
		Release|Any CPU = Release|Any CPU
	EndGlobalSection
	GlobalSection(ProjectConfigurationPlatforms) = postSolution
		{D9A3DE9C-726B-4D7E-BE3F-FE95FA8733A1}.Debug|Any CPU.ActiveCfg = Debug|Any CPU
		{D9A3DE9C-726B-4D7E-BE3F-FE95FA8733A1}.Debug|Any CPU.Build.0 = Debug|Any CPU
		{D9A3DE9C-726B-4D7E-BE3F-FE95FA8733A1}.Release|Any CPU.ActiveCfg = Release|Any CPU
		{D9A3DE9C-726B-4D7E-BE3F-FE95FA8733A1}.Release|Any CPU.Build.0 = Release|Any CPU
		{D73F5B72-8622-46A5-9C58-AFD587E2C098}.Debug|Any CPU.ActiveCfg = Debug|Any CPU
		{D73F5B72-8622-46A5-9C58-AFD587E2C098}.Debug|Any CPU.Build.0 = Debug|Any CPU
		{D73F5B72-8622-46A5-9C58-AFD587E2C098}.Release|Any CPU.ActiveCfg = Release|Any CPU
		{D73F5B72-8622-46A5-9C58-AFD587E2C098}.Release|Any CPU.Build.0 = Release|Any CPU
		{C3DE7CB4-1BEB-4830-B1AE-B5FCD34499F6}.Debug|Any CPU.ActiveCfg = Debug|Any CPU
		{C3DE7CB4-1BEB-4830-B1AE-B5FCD34499F6}.Debug|Any CPU.Build.0 = Debug|Any CPU
		{C3DE7CB4-1BEB-4830-B1AE-B5FCD34499F6}.Release|Any CPU.ActiveCfg = Release|Any CPU
		{C3DE7CB4-1BEB-4830-B1AE-B5FCD34499F6}.Release|Any CPU.Build.0 = Release|Any CPU
	EndGlobalSection
	GlobalSection(SolutionProperties) = preSolution
		HideSolutionNode = FALSE
	EndGlobalSection
EndGlobal
